
Microsoft Visual Studio Solution File, Format Version 12.00
# Visual Studio Version 16
VisualStudioVersion = 16.0.30413.136
MinimumVisualStudioVersion = 10.0.40219.1
Project("{FAE04EC0-301F-11D3-BF4B-00C04F79EFBC}") = "assignment_github", "assignment_github\assignment_github.csproj", "{8C09FB49-4EE7-4569-8FC8-7158E4C7EEE4}"
EndProject
Global
	GlobalSection(SolutionConfigurationPlatforms) = preSolution
		Debug|Any CPU = Debug|Any CPU
		Release|Any CPU = Release|Any CPU
	EndGlobalSection
	GlobalSection(ProjectConfigurationPlatforms) = postSolution
		{8C09FB49-4EE7-4569-8FC8-7158E4C7EEE4}.Debug|Any CPU.ActiveCfg = Debug|Any CPU
		{8C09FB49-4EE7-4569-8FC8-7158E4C7EEE4}.Debug|Any CPU.Build.0 = Debug|Any CPU
		{8C09FB49-4EE7-4569-8FC8-7158E4C7EEE4}.Release|Any CPU.ActiveCfg = Release|Any CPU
		{8C09FB49-4EE7-4569-8FC8-7158E4C7EEE4}.Release|Any CPU.Build.0 = Release|Any CPU
	EndGlobalSection
	GlobalSection(SolutionProperties) = preSolution
		HideSolutionNode = FALSE
	EndGlobalSection
	GlobalSection(ExtensibilityGlobals) = postSolution
		SolutionGuid = {15131E2C-9E8F-4486-8276-150F53C2901E}
	EndGlobalSection
EndGlobal
